
Microsoft Visual Studio Solution File, Format Version 12.00
# Visual Studio Version 16
VisualStudioVersion = 16.0.30413.136
MinimumVisualStudioVersion = 10.0.40219.1
Project("{9A19103F-16F7-4668-BE54-9A1E7A4F7556}") = "WebApplicationNtier", "WebApplicationNtier\WebApplicationNtier.csproj", "{7906DB0F-AD13-4050-A3BE-F5387372CE26}"
EndProject
Project("{9A19103F-16F7-4668-BE54-9A1E7A4F7556}") = "DataAccessLayer", "DataAccessLayer\DataAccessLayer.csproj", "{FDB7A7A1-7B1D-46D0-99E1-59B2240EDF4A}"
EndProject
Project("{9A19103F-16F7-4668-BE54-9A1E7A4F7556}") = "BusinessLogicLayer", "BusinessLogicLayer\BusinessLogicLayer.csproj", "{2383CD88-25A4-4AC4-9370-F1368AC9F0E6}"
EndProject
Project("{9A19103F-16F7-4668-BE54-9A1E7A4F7556}") = "ServiceLayer", "ServiceLayer\ServiceLayer.csproj", "{C1B6DA43-C33A-4A5D-B704-984438A7B53C}"
EndProject
Project("{9A19103F-16F7-4668-BE54-9A1E7A4F7556}") = "MVC_Core", "MVC_Core\MVC_Core.csproj", "{320E1762-39E0-4DD6-8A90-B561D6DB80DC}"
EndProject
Project("{FAE04EC0-301F-11D3-BF4B-00C04F79EFBC}") = "WebApitest", "WebApitest\WebApitest.csproj", "{EACEB6DD-A2B3-4E37-8FC1-5888D5CFD0FB}"
EndProject
Global
	GlobalSection(SolutionConfigurationPlatforms) = preSolution
		Debug|Any CPU = Debug|Any CPU
		Release|Any CPU = Release|Any CPU
	EndGlobalSection
	GlobalSection(ProjectConfigurationPlatforms) = postSolution
		{7906DB0F-AD13-4050-A3BE-F5387372CE26}.Debug|Any CPU.ActiveCfg = Debug|Any CPU
		{7906DB0F-AD13-4050-A3BE-F5387372CE26}.Debug|Any CPU.Build.0 = Debug|Any CPU
		{7906DB0F-AD13-4050-A3BE-F5387372CE26}.Release|Any CPU.ActiveCfg = Release|Any CPU
		{7906DB0F-AD13-4050-A3BE-F5387372CE26}.Release|Any CPU.Build.0 = Release|Any CPU
		{FDB7A7A1-7B1D-46D0-99E1-59B2240EDF4A}.Debug|Any CPU.ActiveCfg = Debug|Any CPU
		{FDB7A7A1-7B1D-46D0-99E1-59B2240EDF4A}.Debug|Any CPU.Build.0 = Debug|Any CPU
		{FDB7A7A1-7B1D-46D0-99E1-59B2240EDF4A}.Release|Any CPU.ActiveCfg = Release|Any CPU
		{FDB7A7A1-7B1D-46D0-99E1-59B2240EDF4A}.Release|Any CPU.Build.0 = Release|Any CPU
		{2383CD88-25A4-4AC4-9370-F1368AC9F0E6}.Debug|Any CPU.ActiveCfg = Debug|Any CPU
		{2383CD88-25A4-4AC4-9370-F1368AC9F0E6}.Debug|Any CPU.Build.0 = Debug|Any CPU
		{2383CD88-25A4-4AC4-9370-F1368AC9F0E6}.Release|Any CPU.ActiveCfg = Release|Any CPU
		{2383CD88-25A4-4AC4-9370-F1368AC9F0E6}.Release|Any CPU.Build.0 = Release|Any CPU
		{C1B6DA43-C33A-4A5D-B704-984438A7B53C}.Debug|Any CPU.ActiveCfg = Debug|Any CPU
		{C1B6DA43-C33A-4A5D-B704-984438A7B53C}.Debug|Any CPU.Build.0 = Debug|Any CPU
		{C1B6DA43-C33A-4A5D-B704-984438A7B53C}.Release|Any CPU.ActiveCfg = Release|Any CPU
		{C1B6DA43-C33A-4A5D-B704-984438A7B53C}.Release|Any CPU.Build.0 = Release|Any CPU
		{320E1762-39E0-4DD6-8A90-B561D6DB80DC}.Debug|Any CPU.ActiveCfg = Debug|Any CPU
		{320E1762-39E0-4DD6-8A90-B561D6DB80DC}.Debug|Any CPU.Build.0 = Debug|Any CPU
		{320E1762-39E0-4DD6-8A90-B561D6DB80DC}.Release|Any CPU.ActiveCfg = Release|Any CPU
		{320E1762-39E0-4DD6-8A90-B561D6DB80DC}.Release|Any CPU.Build.0 = Release|Any CPU
		{EACEB6DD-A2B3-4E37-8FC1-5888D5CFD0FB}.Debug|Any CPU.ActiveCfg = Debug|Any CPU
		{EACEB6DD-A2B3-4E37-8FC1-5888D5CFD0FB}.Debug|Any CPU.Build.0 = Debug|Any CPU
		{EACEB6DD-A2B3-4E37-8FC1-5888D5CFD0FB}.Release|Any CPU.ActiveCfg = Release|Any CPU
		{EACEB6DD-A2B3-4E37-8FC1-5888D5CFD0FB}.Release|Any CPU.Build.0 = Release|Any CPU
	EndGlobalSection
	GlobalSection(SolutionProperties) = preSolution
		HideSolutionNode = FALSE
	EndGlobalSection
	GlobalSection(ExtensibilityGlobals) = postSolution
		SolutionGuid = {1F3D641E-E69F-4D38-BDDF-D2A2067B3DAA}
	EndGlobalSection
EndGlobal
